Microsoft Visual Studio Solution File, Format Version 12.00
# Visual Studio 14
Project("{8BC9CEB8-8B4A-11D0-8D11-00A0C91BC942}") = "ALL_BUILD", "ALL_BUILD.vcxproj", "{74B2FD19-2664-3052-96CD-0575D1A83033}"
	ProjectSection(ProjectDependencies) = postProject
		{E59D38F4-06FB-3517-AA06-688C91F192A2} = {E59D38F4-06FB-3517-AA06-688C91F192A2}
		{8833F649-8A23-3735-BE36-FF9B4B449383} = {8833F649-8A23-3735-BE36-FF9B4B449383}
		{56EA73B2-C393-3750-A3E4-4CDEBCC92AEB} = {56EA73B2-C393-3750-A3E4-4CDEBCC92AEB}
		{E52175C3-5C85-3D69-940C-805181898B68} = {E52175C3-5C85-3D69-940C-805181898B68}
		{AD860064-223D-3C3E-9D12-5C1E6DCF05EA} = {AD860064-223D-3C3E-9D12-5C1E6DCF05EA}
		{4B1B36F7-F5CD-3A85-B0E1-117FD3C710DD} = {4B1B36F7-F5CD-3A85-B0E1-117FD3C710DD}
		{AB00058F-5091-315D-85DF-6DDDCE5C0FE8} = {AB00058F-5091-315D-85DF-6DDDCE5C0FE8}
		{94833052-A3E7-3304-AE1B-72B90C5355DC} = {94833052-A3E7-3304-AE1B-72B90C5355DC}
		{CE2C13C8-FA1E-3C04-8582-76A863E945DB} = {CE2C13C8-FA1E-3C04-8582-76A863E945DB}
		{1312F5DA-1A20-3EEC-807D-9554D0978D59} = {1312F5DA-1A20-3EEC-807D-9554D0978D59}
		{234462A4-03A1-3B6A-89D4-3E4C105FBFED} = {234462A4-03A1-3B6A-89D4-3E4C105FBFED}
		{D0D6A10C-6EB8-39E3-822C-D944DCD4DB97} = {D0D6A10C-6EB8-39E3-822C-D944DCD4DB97}
		{2B46681B-5314-3A51-985A-3E7EB8CEF790} = {2B46681B-5314-3A51-985A-3E7EB8CEF790}
		{F28D6480-0B00-3016-A176-C76A397C570D} = {F28D6480-0B00-3016-A176-C76A397C570D}
		{D3B47781-28D5-35CE-A780-514BD94F783B} = {D3B47781-28D5-35CE-A780-514BD94F783B}
		{25073A28-61C2-3F3A-9B41-4AEBBE9955F7} = {25073A28-61C2-3F3A-9B41-4AEBBE9955F7}
		{3B38871A-1EE3-33A3-BF84-314822A00115} = {3B38871A-1EE3-33A3-BF84-314822A00115}
		{8DF0F8F4-4990-3D5D-B76A-82E3CEDC0FE6} = {8DF0F8F4-4990-3D5D-B76A-82E3CEDC0FE6}
		{27E49457-7F92-31F9-8A52-C17B2AFA0768} = {27E49457-7F92-31F9-8A52-C17B2AFA0768}
		{6C8E2EF3-824C-311B-B610-755B58DC0917} = {6C8E2EF3-824C-311B-B610-755B58DC0917}
		{D58AA0CB-CB30-3AC0-BE6C-02D79981AE17} = {D58AA0CB-CB30-3AC0-BE6C-02D79981AE17}
		{96CCC4C0-485B-3A84-BE40-8B6FF826BC1E} = {96CCC4C0-485B-3A84-BE40-8B6FF826BC1E}
		{22EE08C5-82F8-3385-98CD-12991FE1CF87} = {22EE08C5-82F8-3385-98CD-12991FE1CF87}
		{DA804D7A-B7CE-35E9-B7C2-95157047BD03} = {DA804D7A-B7CE-35E9-B7C2-95157047BD03}
		{81BEA3CC-F0CE-384F-9DB5-F97BF84AFA6E} = {81BEA3CC-F0CE-384F-9DB5-F97BF84AFA6E}
		{568C5D5C-5ED0-30DB-8ED5-29B5037C8A1B} = {568C5D5C-5ED0-30DB-8ED5-29B5037C8A1B}
	EndProjectSection
EndProject
Project("{8BC9CEB8-8B4A-11D0-8D11-00A0C91BC942}") = "Continuous", "Continuous.vcxproj", "{D8E8C8F8-95F8-39ED-8A34-9C7B47E948D3}"
	ProjectSection(ProjectDependencies) = postProject
		{E59D38F4-06FB-3517-AA06-688C91F192A2} = {E59D38F4-06FB-3517-AA06-688C91F192A2}
	EndProjectSection
EndProject
Project("{8BC9CEB8-8B4A-11D0-8D11-00A0C91BC942}") = "Experimental", "Experimental.vcxproj", "{3D75034A-742A-3411-9808-1A9954853236}"
	ProjectSection(ProjectDependencies) = postProject
		{E59D38F4-06FB-3517-AA06-688C91F192A2} = {E59D38F4-06FB-3517-AA06-688C91F192A2}
	EndProjectSection
EndProject
Project("{8BC9CEB8-8B4A-11D0-8D11-00A0C91BC942}") = "INSTALL", "INSTALL.vcxproj", "{591CA708-DE34-3369-A238-061D1C6D995C}"
	ProjectSection(ProjectDependencies) = postProject
		{74B2FD19-2664-3052-96CD-0575D1A83033} = {74B2FD19-2664-3052-96CD-0575D1A83033}
		{E59D38F4-06FB-3517-AA06-688C91F192A2} = {E59D38F4-06FB-3517-AA06-688C91F192A2}
	EndProjectSection
EndProject
Project("{8BC9CEB8-8B4A-11D0-8D11-00A0C91BC942}") = "Nightly", "Nightly.vcxproj", "{9EF61903-BCC2-3FD0-B1FA-CE76C1AA4349}"
	ProjectSection(ProjectDependencies) = postProject
		{E59D38F4-06FB-3517-AA06-688C91F192A2} = {E59D38F4-06FB-3517-AA06-688C91F192A2}
	EndProjectSection
EndProject
Project("{8BC9CEB8-8B4A-11D0-8D11-00A0C91BC942}") = "NightlyMemoryCheck", "NightlyMemoryCheck.vcxproj", "{EB2D72E2-24BF-3FE0-B78D-2DC781F44912}"
	ProjectSection(ProjectDependencies) = postProject
		{E59D38F4-06FB-3517-AA06-688C91F192A2} = {E59D38F4-06FB-3517-AA06-688C91F192A2}
	EndProjectSection
EndProject
Project("{8BC9CEB8-8B4A-11D0-8D11-00A0C91BC942}") = "RUN_TESTS", "RUN_TESTS.vcxproj", "{AB6D93F6-14A1-3310-90FD-1E2C38F0CFD1}"
	ProjectSection(ProjectDependencies) = postProject
		{E59D38F4-06FB-3517-AA06-688C91F192A2} = {E59D38F4-06FB-3517-AA06-688C91F192A2}
	EndProjectSection
EndProject
Project("{8BC9CEB8-8B4A-11D0-8D11-00A0C91BC942}") = "ZERO_CHECK", "ZERO_CHECK.vcxproj", "{E59D38F4-06FB-3517-AA06-688C91F192A2}"
	ProjectSection(ProjectDependencies) = postProject
	EndProjectSection
EndProject
Project("{8BC9CEB8-8B4A-11D0-8D11-00A0C91BC942}") = "bench", "bench.vcxproj", "{8833F649-8A23-3735-BE36-FF9B4B449383}"
	ProjectSection(ProjectDependencies) = postProject
		{E59D38F4-06FB-3517-AA06-688C91F192A2} = {E59D38F4-06FB-3517-AA06-688C91F192A2}
		{1312F5DA-1A20-3EEC-807D-9554D0978D59} = {1312F5DA-1A20-3EEC-807D-9554D0978D59}
	EndProjectSection
EndProject
Project("{8BC9CEB8-8B4A-11D0-8D11-00A0C91BC942}") = "bench_cascade", "bench_cascade.vcxproj", "{56EA73B2-C393-3750-A3E4-4CDEBCC92AEB}"
	ProjectSection(ProjectDependencies) = postProject
		{E59D38F4-06FB-3517-AA06-688C91F192A2} = {E59D38F4-06FB-3517-AA06-688C91F192A2}
		{1312F5DA-1A20-3EEC-807D-9554D0978D59} = {1312F5DA-1A20-3EEC-807D-9554D0978D59}
	EndProjectSection
EndProject
Project("{8BC9CEB8-8B4A-11D0-8D11-00A0C91BC942}") = "bench_http", "bench_http.vcxproj", "{E52175C3-5C85-3D69-940C-805181898B68}"
	ProjectSection(ProjectDependencies) = postProject
		{E59D38F4-06FB-3517-AA06-688C91F192A2} = {E59D38F4-06FB-3517-AA06-688C91F192A2}
		{1312F5DA-1A20-3EEC-807D-9554D0978D59} = {1312F5DA-1A20-3EEC-807D-9554D0978D59}
	EndProjectSection
EndProject
Project("{8BC9CEB8-8B4A-11D0-8D11-00A0C91BC942}") = "bench_httpclient", "bench_httpclient.vcxproj", "{AD860064-223D-3C3E-9D12-5C1E6DCF05EA}"
	ProjectSection(ProjectDependencies) = postProject
		{E59D38F4-06FB-3517-AA06-688C91F192A2} = {E59D38F4-06FB-3517-AA06-688C91F192A2}
		{1312F5DA-1A20-3EEC-807D-9554D0978D59} = {1312F5DA-1A20-3EEC-807D-9554D0978D59}
	EndProjectSection
EndProject
Project("{8BC9CEB8-8B4A-11D0-8D11-00A0C91BC942}") = "dns-example", "dns-example.vcxproj", "{4B1B36F7-F5CD-3A85-B0E1-117FD3C710DD}"
	ProjectSection(ProjectDependencies) = postProject
		{E59D38F4-06FB-3517-AA06-688C91F192A2} = {E59D38F4-06FB-3517-AA06-688C91F192A2}
		{1312F5DA-1A20-3EEC-807D-9554D0978D59} = {1312F5DA-1A20-3EEC-807D-9554D0978D59}
	EndProjectSection
EndProject
Project("{8BC9CEB8-8B4A-11D0-8D11-00A0C91BC942}") = "event", "event.vcxproj", "{AB00058F-5091-315D-85DF-6DDDCE5C0FE8}"
	ProjectSection(ProjectDependencies) = postProject
		{E59D38F4-06FB-3517-AA06-688C91F192A2} = {E59D38F4-06FB-3517-AA06-688C91F192A2}
	EndProjectSection
EndProject
Project("{8BC9CEB8-8B4A-11D0-8D11-00A0C91BC942}") = "event-read-fifo", "event-read-fifo.vcxproj", "{94833052-A3E7-3304-AE1B-72B90C5355DC}"
	ProjectSection(ProjectDependencies) = postProject
		{E59D38F4-06FB-3517-AA06-688C91F192A2} = {E59D38F4-06FB-3517-AA06-688C91F192A2}
		{1312F5DA-1A20-3EEC-807D-9554D0978D59} = {1312F5DA-1A20-3EEC-807D-9554D0978D59}
	EndProjectSection
EndProject
Project("{8BC9CEB8-8B4A-11D0-8D11-00A0C91BC942}") = "event_core", "event_core.vcxproj", "{CE2C13C8-FA1E-3C04-8582-76A863E945DB}"
	ProjectSection(ProjectDependencies) = postProject
		{E59D38F4-06FB-3517-AA06-688C91F192A2} = {E59D38F4-06FB-3517-AA06-688C91F192A2}
	EndProjectSection
EndProject
Project("{8BC9CEB8-8B4A-11D0-8D11-00A0C91BC942}") = "event_extra", "event_extra.vcxproj", "{1312F5DA-1A20-3EEC-807D-9554D0978D59}"
	ProjectSection(ProjectDependencies) = postProject
		{E59D38F4-06FB-3517-AA06-688C91F192A2} = {E59D38F4-06FB-3517-AA06-688C91F192A2}
	EndProjectSection
EndProject
Project("{8BC9CEB8-8B4A-11D0-8D11-00A0C91BC942}") = "hello-world", "hello-world.vcxproj", "{234462A4-03A1-3B6A-89D4-3E4C105FBFED}"
	ProjectSection(ProjectDependencies) = postProject
		{E59D38F4-06FB-3517-AA06-688C91F192A2} = {E59D38F4-06FB-3517-AA06-688C91F192A2}
		{1312F5DA-1A20-3EEC-807D-9554D0978D59} = {1312F5DA-1A20-3EEC-807D-9554D0978D59}
	EndProjectSection
EndProject
Project("{8BC9CEB8-8B4A-11D0-8D11-00A0C91BC942}") = "http-connect", "http-connect.vcxproj", "{D0D6A10C-6EB8-39E3-822C-D944DCD4DB97}"
	ProjectSection(ProjectDependencies) = postProject
		{E59D38F4-06FB-3517-AA06-688C91F192A2} = {E59D38F4-06FB-3517-AA06-688C91F192A2}
		{1312F5DA-1A20-3EEC-807D-9554D0978D59} = {1312F5DA-1A20-3EEC-807D-9554D0978D59}
	EndProjectSection
EndProject
Project("{8BC9CEB8-8B4A-11D0-8D11-00A0C91BC942}") = "http-server", "http-server.vcxproj", "{2B46681B-5314-3A51-985A-3E7EB8CEF790}"
	ProjectSection(ProjectDependencies) = postProject
		{E59D38F4-06FB-3517-AA06-688C91F192A2} = {E59D38F4-06FB-3517-AA06-688C91F192A2}
		{1312F5DA-1A20-3EEC-807D-9554D0978D59} = {1312F5DA-1A20-3EEC-807D-9554D0978D59}
	EndProjectSection
EndProject
Project("{8BC9CEB8-8B4A-11D0-8D11-00A0C91BC942}") = "https-client", "https-client.vcxproj", "{F28D6480-0B00-3016-A176-C76A397C570D}"
	ProjectSection(ProjectDependencies) = postProject
		{E59D38F4-06FB-3517-AA06-688C91F192A2} = {E59D38F4-06FB-3517-AA06-688C91F192A2}
		{1312F5DA-1A20-3EEC-807D-9554D0978D59} = {1312F5DA-1A20-3EEC-807D-9554D0978D59}
	EndProjectSection
EndProject
Project("{8BC9CEB8-8B4A-11D0-8D11-00A0C91BC942}") = "le-proxy", "le-proxy.vcxproj", "{D3B47781-28D5-35CE-A780-514BD94F783B}"
	ProjectSection(ProjectDependencies) = postProject
		{E59D38F4-06FB-3517-AA06-688C91F192A2} = {E59D38F4-06FB-3517-AA06-688C91F192A2}
		{1312F5DA-1A20-3EEC-807D-9554D0978D59} = {1312F5DA-1A20-3EEC-807D-9554D0978D59}
	EndProjectSection
EndProject
Project("{8BC9CEB8-8B4A-11D0-8D11-00A0C91BC942}") = "regress", "regress.vcxproj", "{25073A28-61C2-3F3A-9B41-4AEBBE9955F7}"
	ProjectSection(ProjectDependencies) = postProject
		{E59D38F4-06FB-3517-AA06-688C91F192A2} = {E59D38F4-06FB-3517-AA06-688C91F192A2}
	EndProjectSection
EndProject
Project("{8BC9CEB8-8B4A-11D0-8D11-00A0C91BC942}") = "signal-test", "signal-test.vcxproj", "{3B38871A-1EE3-33A3-BF84-314822A00115}"
	ProjectSection(ProjectDependencies) = postProject
		{E59D38F4-06FB-3517-AA06-688C91F192A2} = {E59D38F4-06FB-3517-AA06-688C91F192A2}
		{1312F5DA-1A20-3EEC-807D-9554D0978D59} = {1312F5DA-1A20-3EEC-807D-9554D0978D59}
	EndProjectSection
EndProject
Project("{8BC9CEB8-8B4A-11D0-8D11-00A0C91BC942}") = "test-changelist", "test-changelist.vcxproj", "{8DF0F8F4-4990-3D5D-B76A-82E3CEDC0FE6}"
	ProjectSection(ProjectDependencies) = postProject
		{E59D38F4-06FB-3517-AA06-688C91F192A2} = {E59D38F4-06FB-3517-AA06-688C91F192A2}
		{1312F5DA-1A20-3EEC-807D-9554D0978D59} = {1312F5DA-1A20-3EEC-807D-9554D0978D59}
	EndProjectSection
EndProject
Project("{8BC9CEB8-8B4A-11D0-8D11-00A0C91BC942}") = "test-dumpevents", "test-dumpevents.vcxproj", "{27E49457-7F92-31F9-8A52-C17B2AFA0768}"
	ProjectSection(ProjectDependencies) = postProject
		{E59D38F4-06FB-3517-AA06-688C91F192A2} = {E59D38F4-06FB-3517-AA06-688C91F192A2}
		{1312F5DA-1A20-3EEC-807D-9554D0978D59} = {1312F5DA-1A20-3EEC-807D-9554D0978D59}
	EndProjectSection
EndProject
Project("{8BC9CEB8-8B4A-11D0-8D11-00A0C91BC942}") = "test-eof", "test-eof.vcxproj", "{6C8E2EF3-824C-311B-B610-755B58DC0917}"
	ProjectSection(ProjectDependencies) = postProject
		{E59D38F4-06FB-3517-AA06-688C91F192A2} = {E59D38F4-06FB-3517-AA06-688C91F192A2}
		{1312F5DA-1A20-3EEC-807D-9554D0978D59} = {1312F5DA-1A20-3EEC-807D-9554D0978D59}
	EndProjectSection
EndProject
Project("{8BC9CEB8-8B4A-11D0-8D11-00A0C91BC942}") = "test-fdleak", "test-fdleak.vcxproj", "{D58AA0CB-CB30-3AC0-BE6C-02D79981AE17}"
	ProjectSection(ProjectDependencies) = postProject
		{E59D38F4-06FB-3517-AA06-688C91F192A2} = {E59D38F4-06FB-3517-AA06-688C91F192A2}
		{1312F5DA-1A20-3EEC-807D-9554D0978D59} = {1312F5DA-1A20-3EEC-807D-9554D0978D59}
	EndProjectSection
EndProject
Project("{8BC9CEB8-8B4A-11D0-8D11-00A0C91BC942}") = "test-init", "test-init.vcxproj", "{96CCC4C0-485B-3A84-BE40-8B6FF826BC1E}"
	ProjectSection(ProjectDependencies) = postProject
		{E59D38F4-06FB-3517-AA06-688C91F192A2} = {E59D38F4-06FB-3517-AA06-688C91F192A2}
		{1312F5DA-1A20-3EEC-807D-9554D0978D59} = {1312F5DA-1A20-3EEC-807D-9554D0978D59}
	EndProjectSection
EndProject
Project("{8BC9CEB8-8B4A-11D0-8D11-00A0C91BC942}") = "test-ratelim", "test-ratelim.vcxproj", "{22EE08C5-82F8-3385-98CD-12991FE1CF87}"
	ProjectSection(ProjectDependencies) = postProject
		{E59D38F4-06FB-3517-AA06-688C91F192A2} = {E59D38F4-06FB-3517-AA06-688C91F192A2}
		{1312F5DA-1A20-3EEC-807D-9554D0978D59} = {1312F5DA-1A20-3EEC-807D-9554D0978D59}
	EndProjectSection
EndProject
Project("{8BC9CEB8-8B4A-11D0-8D11-00A0C91BC942}") = "test-time", "test-time.vcxproj", "{DA804D7A-B7CE-35E9-B7C2-95157047BD03}"
	ProjectSection(ProjectDependencies) = postProject
		{E59D38F4-06FB-3517-AA06-688C91F192A2} = {E59D38F4-06FB-3517-AA06-688C91F192A2}
		{1312F5DA-1A20-3EEC-807D-9554D0978D59} = {1312F5DA-1A20-3EEC-807D-9554D0978D59}
	EndProjectSection
EndProject
Project("{8BC9CEB8-8B4A-11D0-8D11-00A0C91BC942}") = "test-weof", "test-weof.vcxproj", "{81BEA3CC-F0CE-384F-9DB5-F97BF84AFA6E}"
	ProjectSection(ProjectDependencies) = postProject
		{E59D38F4-06FB-3517-AA06-688C91F192A2} = {E59D38F4-06FB-3517-AA06-688C91F192A2}
		{1312F5DA-1A20-3EEC-807D-9554D0978D59} = {1312F5DA-1A20-3EEC-807D-9554D0978D59}
	EndProjectSection
EndProject
Project("{8BC9CEB8-8B4A-11D0-8D11-00A0C91BC942}") = "time-test", "time-test.vcxproj", "{568C5D5C-5ED0-30DB-8ED5-29B5037C8A1B}"
	ProjectSection(ProjectDependencies) = postProject
		{E59D38F4-06FB-3517-AA06-688C91F192A2} = {E59D38F4-06FB-3517-AA06-688C91F192A2}
		{1312F5DA-1A20-3EEC-807D-9554D0978D59} = {1312F5DA-1A20-3EEC-807D-9554D0978D59}
	EndProjectSection
EndProject
Project("{8BC9CEB8-8B4A-11D0-8D11-00A0C91BC942}") = "verify", "verify.vcxproj", "{40EE9F4A-C1D6-30F5-9A1C-90D0301F6EE2}"
	ProjectSection(ProjectDependencies) = postProject
		{E59D38F4-06FB-3517-AA06-688C91F192A2} = {E59D38F4-06FB-3517-AA06-688C91F192A2}
		{AB00058F-5091-315D-85DF-6DDDCE5C0FE8} = {AB00058F-5091-315D-85DF-6DDDCE5C0FE8}
		{25073A28-61C2-3F3A-9B41-4AEBBE9955F7} = {25073A28-61C2-3F3A-9B41-4AEBBE9955F7}
		{8DF0F8F4-4990-3D5D-B76A-82E3CEDC0FE6} = {8DF0F8F4-4990-3D5D-B76A-82E3CEDC0FE6}
		{27E49457-7F92-31F9-8A52-C17B2AFA0768} = {27E49457-7F92-31F9-8A52-C17B2AFA0768}
		{6C8E2EF3-824C-311B-B610-755B58DC0917} = {6C8E2EF3-824C-311B-B610-755B58DC0917}
		{D58AA0CB-CB30-3AC0-BE6C-02D79981AE17} = {D58AA0CB-CB30-3AC0-BE6C-02D79981AE17}
		{96CCC4C0-485B-3A84-BE40-8B6FF826BC1E} = {96CCC4C0-485B-3A84-BE40-8B6FF826BC1E}
		{22EE08C5-82F8-3385-98CD-12991FE1CF87} = {22EE08C5-82F8-3385-98CD-12991FE1CF87}
		{DA804D7A-B7CE-35E9-B7C2-95157047BD03} = {DA804D7A-B7CE-35E9-B7C2-95157047BD03}
		{81BEA3CC-F0CE-384F-9DB5-F97BF84AFA6E} = {81BEA3CC-F0CE-384F-9DB5-F97BF84AFA6E}
	EndProjectSection
EndProject
Global
	GlobalSection(SolutionConfigurationPlatforms) = preSolution
		Debug|Win32 = Debug|Win32
		Release|Win32 = Release|Win32
	EndGlobalSection
	GlobalSection(ProjectConfigurationPlatforms) = postSolution
		{74B2FD19-2664-3052-96CD-0575D1A83033}.Debug|Win32.ActiveCfg = Debug|Win32
		{74B2FD19-2664-3052-96CD-0575D1A83033}.Debug|Win32.Build.0 = Debug|Win32
		{74B2FD19-2664-3052-96CD-0575D1A83033}.Release|Win32.ActiveCfg = Release|Win32
		{74B2FD19-2664-3052-96CD-0575D1A83033}.Release|Win32.Build.0 = Release|Win32
		{D8E8C8F8-95F8-39ED-8A34-9C7B47E948D3}.Debug|Win32.ActiveCfg = Debug|Win32
		{D8E8C8F8-95F8-39ED-8A34-9C7B47E948D3}.Release|Win32.ActiveCfg = Release|Win32
		{3D75034A-742A-3411-9808-1A9954853236}.Debug|Win32.ActiveCfg = Debug|Win32
		{3D75034A-742A-3411-9808-1A9954853236}.Release|Win32.ActiveCfg = Release|Win32
		{591CA708-DE34-3369-A238-061D1C6D995C}.Debug|Win32.ActiveCfg = Debug|Win32
		{591CA708-DE34-3369-A238-061D1C6D995C}.Release|Win32.ActiveCfg = Release|Win32
		{9EF61903-BCC2-3FD0-B1FA-CE76C1AA4349}.Debug|Win32.ActiveCfg = Debug|Win32
		{9EF61903-BCC2-3FD0-B1FA-CE76C1AA4349}.Release|Win32.ActiveCfg = Release|Win32
		{EB2D72E2-24BF-3FE0-B78D-2DC781F44912}.Debug|Win32.ActiveCfg = Debug|Win32
		{EB2D72E2-24BF-3FE0-B78D-2DC781F44912}.Release|Win32.ActiveCfg = Release|Win32
		{AB6D93F6-14A1-3310-90FD-1E2C38F0CFD1}.Debug|Win32.ActiveCfg = Debug|Win32
		{AB6D93F6-14A1-3310-90FD-1E2C38F0CFD1}.Release|Win32.ActiveCfg = Release|Win32
		{E59D38F4-06FB-3517-AA06-688C91F192A2}.Debug|Win32.ActiveCfg = Debug|Win32
		{E59D38F4-06FB-3517-AA06-688C91F192A2}.Debug|Win32.Build.0 = Debug|Win32
		{E59D38F4-06FB-3517-AA06-688C91F192A2}.Release|Win32.ActiveCfg = Release|Win32
		{E59D38F4-06FB-3517-AA06-688C91F192A2}.Release|Win32.Build.0 = Release|Win32
		{8833F649-8A23-3735-BE36-FF9B4B449383}.Debug|Win32.ActiveCfg = Debug|Win32
		{8833F649-8A23-3735-BE36-FF9B4B449383}.Debug|Win32.Build.0 = Debug|Win32
		{8833F649-8A23-3735-BE36-FF9B4B449383}.Release|Win32.ActiveCfg = Release|Win32
		{8833F649-8A23-3735-BE36-FF9B4B449383}.Release|Win32.Build.0 = Release|Win32
		{56EA73B2-C393-3750-A3E4-4CDEBCC92AEB}.Debug|Win32.ActiveCfg = Debug|Win32
		{56EA73B2-C393-3750-A3E4-4CDEBCC92AEB}.Debug|Win32.Build.0 = Debug|Win32
		{56EA73B2-C393-3750-A3E4-4CDEBCC92AEB}.Release|Win32.ActiveCfg = Release|Win32
		{56EA73B2-C393-3750-A3E4-4CDEBCC92AEB}.Release|Win32.Build.0 = Release|Win32
		{E52175C3-5C85-3D69-940C-805181898B68}.Debug|Win32.ActiveCfg = Debug|Win32
		{E52175C3-5C85-3D69-940C-805181898B68}.Debug|Win32.Build.0 = Debug|Win32
		{E52175C3-5C85-3D69-940C-805181898B68}.Release|Win32.ActiveCfg = Release|Win32
		{E52175C3-5C85-3D69-940C-805181898B68}.Release|Win32.Build.0 = Release|Win32
		{AD860064-223D-3C3E-9D12-5C1E6DCF05EA}.Debug|Win32.ActiveCfg = Debug|Win32
		{AD860064-223D-3C3E-9D12-5C1E6DCF05EA}.Debug|Win32.Build.0 = Debug|Win32
		{AD860064-223D-3C3E-9D12-5C1E6DCF05EA}.Release|Win32.ActiveCfg = Release|Win32
		{AD860064-223D-3C3E-9D12-5C1E6DCF05EA}.Release|Win32.Build.0 = Release|Win32
		{4B1B36F7-F5CD-3A85-B0E1-117FD3C710DD}.Debug|Win32.ActiveCfg = Debug|Win32
		{4B1B36F7-F5CD-3A85-B0E1-117FD3C710DD}.Debug|Win32.Build.0 = Debug|Win32
		{4B1B36F7-F5CD-3A85-B0E1-117FD3C710DD}.Release|Win32.ActiveCfg = Release|Win32
		{4B1B36F7-F5CD-3A85-B0E1-117FD3C710DD}.Release|Win32.Build.0 = Release|Win32
		{AB00058F-5091-315D-85DF-6DDDCE5C0FE8}.Debug|Win32.ActiveCfg = Debug|Win32
		{AB00058F-5091-315D-85DF-6DDDCE5C0FE8}.Debug|Win32.Build.0 = Debug|Win32
		{AB00058F-5091-315D-85DF-6DDDCE5C0FE8}.Release|Win32.ActiveCfg = Release|Win32
		{AB00058F-5091-315D-85DF-6DDDCE5C0FE8}.Release|Win32.Build.0 = Release|Win32
		{94833052-A3E7-3304-AE1B-72B90C5355DC}.Debug|Win32.ActiveCfg = Debug|Win32
		{94833052-A3E7-3304-AE1B-72B90C5355DC}.Debug|Win32.Build.0 = Debug|Win32
		{94833052-A3E7-3304-AE1B-72B90C5355DC}.Release|Win32.ActiveCfg = Release|Win32
		{94833052-A3E7-3304-AE1B-72B90C5355DC}.Release|Win32.Build.0 = Release|Win32
		{CE2C13C8-FA1E-3C04-8582-76A863E945DB}.Debug|Win32.ActiveCfg = Debug|Win32
		{CE2C13C8-FA1E-3C04-8582-76A863E945DB}.Debug|Win32.Build.0 = Debug|Win32
		{CE2C13C8-FA1E-3C04-8582-76A863E945DB}.Release|Win32.ActiveCfg = Release|Win32
		{CE2C13C8-FA1E-3C04-8582-76A863E945DB}.Release|Win32.Build.0 = Release|Win32
		{1312F5DA-1A20-3EEC-807D-9554D0978D59}.Debug|Win32.ActiveCfg = Debug|Win32
		{1312F5DA-1A20-3EEC-807D-9554D0978D59}.Debug|Win32.Build.0 = Debug|Win32
		{1312F5DA-1A20-3EEC-807D-9554D0978D59}.Release|Win32.ActiveCfg = Release|Win32
		{1312F5DA-1A20-3EEC-807D-9554D0978D59}.Release|Win32.Build.0 = Release|Win32
		{234462A4-03A1-3B6A-89D4-3E4C105FBFED}.Debug|Win32.ActiveCfg = Debug|Win32
		{234462A4-03A1-3B6A-89D4-3E4C105FBFED}.Debug|Win32.Build.0 = Debug|Win32
		{234462A4-03A1-3B6A-89D4-3E4C105FBFED}.Release|Win32.ActiveCfg = Release|Win32
		{234462A4-03A1-3B6A-89D4-3E4C105FBFED}.Release|Win32.Build.0 = Release|Win32
		{D0D6A10C-6EB8-39E3-822C-D944DCD4DB97}.Debug|Win32.ActiveCfg = Debug|Win32
		{D0D6A10C-6EB8-39E3-822C-D944DCD4DB97}.Debug|Win32.Build.0 = Debug|Win32
		{D0D6A10C-6EB8-39E3-822C-D944DCD4DB97}.Release|Win32.ActiveCfg = Release|Win32
		{D0D6A10C-6EB8-39E3-822C-D944DCD4DB97}.Release|Win32.Build.0 = Release|Win32
		{2B46681B-5314-3A51-985A-3E7EB8CEF790}.Debug|Win32.ActiveCfg = Debug|Win32
		{2B46681B-5314-3A51-985A-3E7EB8CEF790}.Debug|Win32.Build.0 = Debug|Win32
		{2B46681B-5314-3A51-985A-3E7EB8CEF790}.Release|Win32.ActiveCfg = Release|Win32
		{2B46681B-5314-3A51-985A-3E7EB8CEF790}.Release|Win32.Build.0 = Release|Win32
		{F28D6480-0B00-3016-A176-C76A397C570D}.Debug|Win32.ActiveCfg = Debug|Win32
		{F28D6480-0B00-3016-A176-C76A397C570D}.Debug|Win32.Build.0 = Debug|Win32
		{F28D6480-0B00-3016-A176-C76A397C570D}.Release|Win32.ActiveCfg = Release|Win32
		{F28D6480-0B00-3016-A176-C76A397C570D}.Release|Win32.Build.0 = Release|Win32
		{D3B47781-28D5-35CE-A780-514BD94F783B}.Debug|Win32.ActiveCfg = Debug|Win32
		{D3B47781-28D5-35CE-A780-514BD94F783B}.Debug|Win32.Build.0 = Debug|Win32
		{D3B47781-28D5-35CE-A780-514BD94F783B}.Release|Win32.ActiveCfg = Release|Win32
		{D3B47781-28D5-35CE-A780-514BD94F783B}.Release|Win32.Build.0 = Release|Win32
		{25073A28-61C2-3F3A-9B41-4AEBBE9955F7}.Debug|Win32.ActiveCfg = Debug|Win32
		{25073A28-61C2-3F3A-9B41-4AEBBE9955F7}.Debug|Win32.Build.0 = Debug|Win32
		{25073A28-61C2-3F3A-9B41-4AEBBE9955F7}.Release|Win32.ActiveCfg = Release|Win32
		{25073A28-61C2-3F3A-9B41-4AEBBE9955F7}.Release|Win32.Build.0 = Release|Win32
		{3B38871A-1EE3-33A3-BF84-314822A00115}.Debug|Win32.ActiveCfg = Debug|Win32
		{3B38871A-1EE3-33A3-BF84-314822A00115}.Debug|Win32.Build.0 = Debug|Win32
		{3B38871A-1EE3-33A3-BF84-314822A00115}.Release|Win32.ActiveCfg = Release|Win32
		{3B38871A-1EE3-33A3-BF84-314822A00115}.Release|Win32.Build.0 = Release|Win32
		{8DF0F8F4-4990-3D5D-B76A-82E3CEDC0FE6}.Debug|Win32.ActiveCfg = Debug|Win32
		{8DF0F8F4-4990-3D5D-B76A-82E3CEDC0FE6}.Debug|Win32.Build.0 = Debug|Win32
		{8DF0F8F4-4990-3D5D-B76A-82E3CEDC0FE6}.Release|Win32.ActiveCfg = Release|Win32
		{8DF0F8F4-4990-3D5D-B76A-82E3CEDC0FE6}.Release|Win32.Build.0 = Release|Win32
		{27E49457-7F92-31F9-8A52-C17B2AFA0768}.Debug|Win32.ActiveCfg = Debug|Win32
		{27E49457-7F92-31F9-8A52-C17B2AFA0768}.Debug|Win32.Build.0 = Debug|Win32
		{27E49457-7F92-31F9-8A52-C17B2AFA0768}.Release|Win32.ActiveCfg = Release|Win32
		{27E49457-7F92-31F9-8A52-C17B2AFA0768}.Release|Win32.Build.0 = Release|Win32
		{6C8E2EF3-824C-311B-B610-755B58DC0917}.Debug|Win32.ActiveCfg = Debug|Win32
		{6C8E2EF3-824C-311B-B610-755B58DC0917}.Debug|Win32.Build.0 = Debug|Win32
		{6C8E2EF3-824C-311B-B610-755B58DC0917}.Release|Win32.ActiveCfg = Release|Win32
		{6C8E2EF3-824C-311B-B610-755B58DC0917}.Release|Win32.Build.0 = Release|Win32
		{D58AA0CB-CB30-3AC0-BE6C-02D79981AE17}.Debug|Win32.ActiveCfg = Debug|Win32
		{D58AA0CB-CB30-3AC0-BE6C-02D79981AE17}.Debug|Win32.Build.0 = Debug|Win32
		{D58AA0CB-CB30-3AC0-BE6C-02D79981AE17}.Release|Win32.ActiveCfg = Release|Win32
		{D58AA0CB-CB30-3AC0-BE6C-02D79981AE17}.Release|Win32.Build.0 = Release|Win32
		{96CCC4C0-485B-3A84-BE40-8B6FF826BC1E}.Debug|Win32.ActiveCfg = Debug|Win32
		{96CCC4C0-485B-3A84-BE40-8B6FF826BC1E}.Debug|Win32.Build.0 = Debug|Win32
		{96CCC4C0-485B-3A84-BE40-8B6FF826BC1E}.Release|Win32.ActiveCfg = Release|Win32
		{96CCC4C0-485B-3A84-BE40-8B6FF826BC1E}.Release|Win32.Build.0 = Release|Win32
		{22EE08C5-82F8-3385-98CD-12991FE1CF87}.Debug|Win32.ActiveCfg = Debug|Win32
		{22EE08C5-82F8-3385-98CD-12991FE1CF87}.Debug|Win32.Build.0 = Debug|Win32
		{22EE08C5-82F8-3385-98CD-12991FE1CF87}.Release|Win32.ActiveCfg = Release|Win32
		{22EE08C5-82F8-3385-98CD-12991FE1CF87}.Release|Win32.Build.0 = Release|Win32
		{DA804D7A-B7CE-35E9-B7C2-95157047BD03}.Debug|Win32.ActiveCfg = Debug|Win32
		{DA804D7A-B7CE-35E9-B7C2-95157047BD03}.Debug|Win32.Build.0 = Debug|Win32
		{DA804D7A-B7CE-35E9-B7C2-95157047BD03}.Release|Win32.ActiveCfg = Release|Win32
		{DA804D7A-B7CE-35E9-B7C2-95157047BD03}.Release|Win32.Build.0 = Release|Win32
		{81BEA3CC-F0CE-384F-9DB5-F97BF84AFA6E}.Debug|Win32.ActiveCfg = Debug|Win32
		{81BEA3CC-F0CE-384F-9DB5-F97BF84AFA6E}.Debug|Win32.Build.0 = Debug|Win32
		{81BEA3CC-F0CE-384F-9DB5-F97BF84AFA6E}.Release|Win32.ActiveCfg = Release|Win32
		{81BEA3CC-F0CE-384F-9DB5-F97BF84AFA6E}.Release|Win32.Build.0 = Release|Win32
		{568C5D5C-5ED0-30DB-8ED5-29B5037C8A1B}.Debug|Win32.ActiveCfg = Debug|Win32
		{568C5D5C-5ED0-30DB-8ED5-29B5037C8A1B}.Debug|Win32.Build.0 = Debug|Win32
		{568C5D5C-5ED0-30DB-8ED5-29B5037C8A1B}.Release|Win32.ActiveCfg = Release|Win32
		{568C5D5C-5ED0-30DB-8ED5-29B5037C8A1B}.Release|Win32.Build.0 = Release|Win32
		{40EE9F4A-C1D6-30F5-9A1C-90D0301F6EE2}.Debug|Win32.ActiveCfg = Debug|Win32
		{40EE9F4A-C1D6-30F5-9A1C-90D0301F6EE2}.Release|Win32.ActiveCfg = Release|Win32
	EndGlobalSection
	GlobalSection(ExtensibilityGlobals) = postSolution
	EndGlobalSection
	GlobalSection(ExtensibilityAddIns) = postSolution
	EndGlobalSection
EndGlobal
