<?xml version="1.0" encoding="UTF-8"?>
<Project ToolsVersion="14.0" xmlns="http://schemas.microsoft.com/developer/msbuild/2003">
  <ItemGroup>
    <ClCompile Include="C:\Projects\nuget\libevent2-vc140-nuget\test\test-eof.c">
      <Filter>Source Files</Filter>
    </ClCompile>
  </ItemGroup>
  <ItemGroup>
    <CustomBuild Include="C:\Projects\nuget\libevent2-vc140-nuget\CMakeLists.txt" />
  </ItemGroup>
  <ItemGroup>
    <Filter Include="Source Files">
      <UniqueIdentifier>{F0D45294-5D6B-39E4-8236-1376A4EF7268}</UniqueIdentifier>
    </Filter>
  </ItemGroup>
</Project>
