<?xml version="1.0" encoding="UTF-8"?>
<Project ToolsVersion="14.0" xmlns="http://schemas.microsoft.com/developer/msbuild/2003">
  <ItemGroup>
    <CustomBuild Include="C:\Projects\nuget\libevent2-vc140-nuget\CMakeLists.txt" />
    <CustomBuild Include="C:\Projects\nuget\libevent2-vc140-nuget\CMakeFiles\3a7497803b15f4691a202a3ef676ae4c\verify.rule">
      <Filter>CMake Rules</Filter>
    </CustomBuild>
  </ItemGroup>
  <ItemGroup>
    <None Include="C:\Projects\nuget\libevent2-vc140-nuget\CMakeFiles\verify" />
  </ItemGroup>
  <ItemGroup>
    <Filter Include="CMake Rules">
      <UniqueIdentifier>{E4FE6342-BFEA-3E3C-834E-74E31C9E0994}</UniqueIdentifier>
    </Filter>
  </ItemGroup>
</Project>
